
Microsoft Visual Studio Solution File, Format Version 12.00
# Visual Studio Version 17
VisualStudioVersion = 17.5.002.0
MinimumVisualStudioVersion = 10.0.40219.1
Project("{9A19103F-16F7-4668-BE54-9A1E7A4F7556}") = "RestaurantFaves", "RestaurantFaves.csproj", "{21DB3CF6-710F-43B8-924A-4FEEEBBBF298}"
EndProject
Global
	GlobalSection(SolutionConfigurationPlatforms) = preSolution
		Debug|Any CPU = Debug|Any CPU
		Release|Any CPU = Release|Any CPU
	EndGlobalSection
	GlobalSection(ProjectConfigurationPlatforms) = postSolution
		{21DB3CF6-710F-43B8-924A-4FEEEBBBF298}.Debug|Any CPU.ActiveCfg = Debug|Any CPU
		{21DB3CF6-710F-43B8-924A-4FEEEBBBF298}.Debug|Any CPU.Build.0 = Debug|Any CPU
		{21DB3CF6-710F-43B8-924A-4FEEEBBBF298}.Release|Any CPU.ActiveCfg = Release|Any CPU
		{21DB3CF6-710F-43B8-924A-4FEEEBBBF298}.Release|Any CPU.Build.0 = Release|Any CPU
	EndGlobalSection
	GlobalSection(SolutionProperties) = preSolution
		HideSolutionNode = FALSE
	EndGlobalSection
	GlobalSection(ExtensibilityGlobals) = postSolution
		SolutionGuid = {780EFC66-1B41-4E74-8DDC-AA0C6416E8D1}
	EndGlobalSection
EndGlobal
